<?xml version="1.0" encoding="utf-8"?>
<Project ToolsVersion="4.0" xmlns="http://schemas.microsoft.com/developer/msbuild/2003">
  <ItemGroup>
    <Filter Include="Source Files">
      <UniqueIdentifier>{4FC737F1-C7A5-4376-A066-2A32D752A2FF}</UniqueIdentifier>
      <Extensions>cpp;c;cc;cxx;c++;cppm;ixx;def;odl;idl;hpj;bat;asm;asmx</Extensions>
    </Filter>
    <Filter Include="Header Files">
      <UniqueIdentifier>{93995380-89BD-4b04-88EB-625FBE52EBFB}</UniqueIdentifier>
      <Extensions>h;hh;hpp;hxx;h++;hm;inl;inc;ipp;xsd</Extensions>
    </Filter>
    <Filter Include="Resource Files">
      <UniqueIdentifier>{67DA6AB6-F800-4c08-8B7A-83BB121AAD01}</UniqueIdentifier>
      <Extensions>rc;ico;cur;bmp;dlg;rc2;rct;bin;rgs;gif;jpg;jpeg;jpe;resx;tiff;tif;png;wav;mfcribbon-ms</Extensions>
    </Filter>
  </ItemGroup>
  <ItemGroup>
    <ClCompile Include="Shapes.cpp">
      <Filter>Source Files</Filter>
    </ClCompile>
    <ClCompile Include="lib\CommandHandler.cpp">
      <Filter>Source Files</Filter>
    </ClCompile>
    <ClCompile Include="lib\PerimeterAreaDecorator\CircleDecorator.cpp">
      <Filter>Source Files</Filter>
    </ClCompile>
    <ClCompile Include="lib\PerimeterAreaDecorator\RectangleDecorator.cpp">
      <Filter>Source Files</Filter>
    </ClCompile>
    <ClCompile Include="lib\PerimeterAreaDecorator\TriangleDecorator.cpp">
      <Filter>Source Files</Filter>
    </ClCompile>
    <ClCompile Include="lib\Shape\Circle.cpp">
      <Filter>Source Files</Filter>
    </ClCompile>
    <ClCompile Include="lib\Shape\Triangle.cpp">
      <Filter>Source Files</Filter>
    </ClCompile>
    <ClCompile Include="lib\Shape\Rectangle.cpp">
      <Filter>Source Files</Filter>
    </ClCompile>
    <ClCompile Include="lib\Composite\Composite.cpp">
      <Filter>Source Files</Filter>
    </ClCompile>
    <ClCompile Include="lib\DrawDecorator\WithFrameDecorator.cpp">
      <Filter>Source Files</Filter>
    </ClCompile>
    <ClCompile Include="lib\DrawDecorator\WithoutFrameDecorator.cpp">
      <Filter>Source Files</Filter>
    </ClCompile>
    <ClCompile Include="lib\PerimeterAreaDecorator\PerimeterAreaDecorator.cpp">
      <Filter>Source Files</Filter>
    </ClCompile>
    <ClCompile Include="lib\DrawDecorator\DrawDecorator.cpp">
      <Filter>Source Files</Filter>
    </ClCompile>
    <ClCompile Include="lib\Button\NewShapeButton\NewCircleButton.cpp">
      <Filter>Source Files</Filter>
    </ClCompile>
    <ClCompile Include="lib\Button\Button.cpp">
      <Filter>Source Files</Filter>
    </ClCompile>
    <ClCompile Include="lib\Command\NewShapeCommand\NewCircleCommand.cpp">
      <Filter>Source Files</Filter>
    </ClCompile>
    <ClCompile Include="lib\Command\NewShapeCommand\NewRectangleCommand.cpp">
      <Filter>Source Files</Filter>
    </ClCompile>
    <ClCompile Include="lib\Button\NewShapeButton\NewRectangleButton.cpp">
      <Filter>Source Files</Filter>
    </ClCompile>
    <ClCompile Include="lib\Command\NewShapeCommand\NewTriangleCommand.cpp">
      <Filter>Source Files</Filter>
    </ClCompile>
    <ClCompile Include="lib\Button\NewShapeButton\NewTriangleButton.cpp">
      <Filter>Source Files</Filter>
    </ClCompile>
    <ClCompile Include="lib\State\DragAndDropState.cpp">
      <Filter>Source Files</Filter>
    </ClCompile>
    <ClCompile Include="lib\State\State.cpp">
      <Filter>Source Files</Filter>
    </ClCompile>
    <ClCompile Include="lib\State\FillColorState.cpp">
      <Filter>Source Files</Filter>
    </ClCompile>
    <ClCompile Include="lib\Button\FillColorButton\FillColorStateButton.cpp">
      <Filter>Source Files</Filter>
    </ClCompile>
    <ClCompile Include="lib\Command\FillColorCommand\FillColorStateCommand.cpp">
      <Filter>Source Files</Filter>
    </ClCompile>
    <ClCompile Include="lib\Button\DragAndDropButton\DragAndDropButton.cpp">
      <Filter>Source Files</Filter>
    </ClCompile>
    <ClCompile Include="lib\Command\DragAndDropCommand\DragAndDropCommand.cpp">
      <Filter>Source Files</Filter>
    </ClCompile>
    <ClCompile Include="lib\State\SetOutlineState.cpp">
      <Filter>Source Files</Filter>
    </ClCompile>
    <ClCompile Include="lib\Command\SetOutlineCommand\SetOutlineStateCommand.cpp">
      <Filter>Source Files</Filter>
    </ClCompile>
    <ClCompile Include="lib\Button\SetOutlineButton\SetOutlineStateButton.cpp">
      <Filter>Source Files</Filter>
    </ClCompile>
    <ClCompile Include="lib\History\History.cpp">
      <Filter>Source Files</Filter>
    </ClCompile>
    <ClCompile Include="lib\History\Memento.cpp">
      <Filter>Source Files</Filter>
    </ClCompile>
    <ClCompile Include="lib\Button\FillColorButton\FillColorButton.cpp">
      <Filter>Source Files</Filter>
    </ClCompile>
    <ClCompile Include="lib\Toolbar.cpp">
      <Filter>Source Files</Filter>
    </ClCompile>
    <ClCompile Include="lib\Button\SetOutlineButton\SetColor\SetOutlineColorButton.cpp">
      <Filter>Source Files</Filter>
    </ClCompile>
    <ClCompile Include="lib\Button\SetOutlineButton\SetThickness\SetOutlineThicknessButton.cpp">
      <Filter>Source Files</Filter>
    </ClCompile>
    <ClCompile Include="lib\Command\FillColorCommand\FillColorCommand.cpp">
      <Filter>Source Files</Filter>
    </ClCompile>
    <ClCompile Include="lib\Command\SetOutlineCommand\SetOutlineColorCommand.cpp">
      <Filter>Source Files</Filter>
    </ClCompile>
    <ClCompile Include="lib\Command\SetOutlineCommand\SetOutlineThicknessCommand.cpp">
      <Filter>Source Files</Filter>
    </ClCompile>
    <ClCompile Include="lib\Visitor\FillColorVisitor.cpp">
      <Filter>Source Files</Filter>
    </ClCompile>
    <ClCompile Include="lib\Visitor\SetOutlineVisitor.cpp">
      <Filter>Source Files</Filter>
    </ClCompile>
    <ClCompile Include="lib\Command\WriteToFileCommand\WriteToFileStrategy\WriteToBinFileStrategy.cpp">
      <Filter>Source Files</Filter>
    </ClCompile>
    <ClCompile Include="lib\Command\WriteToFileCommand\WriteToFileStrategy\WriteToTextFileStrategy.cpp">
      <Filter>Source Files</Filter>
    </ClCompile>
    <ClCompile Include="lib\Command\WriteToFileCommand\WriteToFileCommand.cpp">
      <Filter>Source Files</Filter>
    </ClCompile>
    <ClCompile Include="lib\Button\WriteToFileButton\WriteToBInFileButton.cpp">
      <Filter>Source Files</Filter>
    </ClCompile>
    <ClCompile Include="lib\Button\WriteToFileButton\WriteToTextFileButton.cpp">
      <Filter>Source Files</Filter>
    </ClCompile>
    <ClCompile Include="lib\ShapeBuilder\Builder.cpp">
      <Filter>Source Files</Filter>
    </ClCompile>
    <ClCompile Include="lib\ShapeBuilder\CircleBuilder.cpp">
      <Filter>Source Files</Filter>
    </ClCompile>
    <ClCompile Include="lib\ShapeBuilder\RectangleBuilder.cpp">
      <Filter>Source Files</Filter>
    </ClCompile>
    <ClCompile Include="lib\ShapeBuilder\TriangleBuilder.cpp">
      <Filter>Source Files</Filter>
    </ClCompile>
    <ClCompile Include="lib\ShapeBuilder\ShapeDirector\ShapeDirector.cpp">
      <Filter>Source Files</Filter>
    </ClCompile>
    <ClCompile Include="lib\ShapeLoader\ShapeLoader.cpp">
      <Filter>Source Files</Filter>
    </ClCompile>
    <ClCompile Include="lib\ShapeLoader\TextShapeLoader.cpp">
      <Filter>Source Files</Filter>
    </ClCompile>
    <ClCompile Include="lib\ShapeLoader\BinShapeLoader.cpp">
      <Filter>Source Files</Filter>
    </ClCompile>
    <ClCompile Include="lib\Command\LoadShapeCommand\LoadShapeCommand.cpp">
      <Filter>Source Files</Filter>
    </ClCompile>
    <ClCompile Include="lib\Button\LoudShapeButton\BinLoudShapeButton.cpp">
      <Filter>Source Files</Filter>
    </ClCompile>
    <ClCompile Include="lib\Button\LoudShapeButton\TextLoadShape.cpp">
      <Filter>Source Files</Filter>
    </ClCompile>
  </ItemGroup>
  <ItemGroup>
    <ClInclude Include="lib\CommandHandler.h">
      <Filter>Header Files</Filter>
    </ClInclude>
    <ClInclude Include="lib\PerimeterAreaDecorator\IPerimeterAreaDecorator.h">
      <Filter>Header Files</Filter>
    </ClInclude>
    <ClInclude Include="lib\PerimeterAreaDecorator\CircleDecorator.h">
      <Filter>Header Files</Filter>
    </ClInclude>
    <ClInclude Include="lib\PerimeterAreaDecorator\RectangleDecorator.h">
      <Filter>Header Files</Filter>
    </ClInclude>
    <ClInclude Include="lib\PerimeterAreaDecorator\TriangleDecorator.h">
      <Filter>Header Files</Filter>
    </ClInclude>
    <ClInclude Include="lib\Shape\IShape.h">
      <Filter>Header Files</Filter>
    </ClInclude>
    <ClInclude Include="lib\Shape\Rectangle.h">
      <Filter>Header Files</Filter>
    </ClInclude>
    <ClInclude Include="lib\Shape\Circle.h">
      <Filter>Header Files</Filter>
    </ClInclude>
    <ClInclude Include="lib\Shape\Triangle.h">
      <Filter>Header Files</Filter>
    </ClInclude>
    <ClInclude Include="lib\Composite\Composite.h">
      <Filter>Header Files</Filter>
    </ClInclude>
    <ClInclude Include="lib\DrawDecorator\IDrawDecorator.h">
      <Filter>Header Files</Filter>
    </ClInclude>
    <ClInclude Include="lib\DrawDecorator\WithFrameDecorator.h">
      <Filter>Header Files</Filter>
    </ClInclude>
    <ClInclude Include="lib\DrawDecorator\WithoutFrameDecorator.h">
      <Filter>Header Files</Filter>
    </ClInclude>
    <ClInclude Include="lib\PerimeterAreaDecorator\PerimeterAreaDecorator.h">
      <Filter>Header Files</Filter>
    </ClInclude>
    <ClInclude Include="lib\DrawDecorator\DrawDecorator.h">
      <Filter>Header Files</Filter>
    </ClInclude>
    <ClInclude Include="lib\Toolbar.h">
      <Filter>Header Files</Filter>
    </ClInclude>
    <ClInclude Include="lib\Button\IButton.h">
      <Filter>Header Files</Filter>
    </ClInclude>
    <ClInclude Include="lib\Button\NewShapeButton\NewCircleButton.h">
      <Filter>Header Files</Filter>
    </ClInclude>
    <ClInclude Include="lib\Button\Button.h">
      <Filter>Header Files</Filter>
    </ClInclude>
    <ClInclude Include="lib\Command\ICommand.h">
      <Filter>Header Files</Filter>
    </ClInclude>
    <ClInclude Include="lib\Command\NewShapeCommand\NewCircleCommand.h">
      <Filter>Header Files</Filter>
    </ClInclude>
    <ClInclude Include="lib\Command\NewShapeCommand\NewRectangleCommand.h">
      <Filter>Header Files</Filter>
    </ClInclude>
    <ClInclude Include="lib\Button\NewShapeButton\NewRectangleButton.h">
      <Filter>Header Files</Filter>
    </ClInclude>
    <ClInclude Include="lib\Command\NewShapeCommand\NewTriangleCommand.h">
      <Filter>Header Files</Filter>
    </ClInclude>
    <ClInclude Include="lib\Button\NewShapeButton\NewTriangleButton.h">
      <Filter>Header Files</Filter>
    </ClInclude>
    <ClInclude Include="lib\State\IState.h">
      <Filter>Header Files</Filter>
    </ClInclude>
    <ClInclude Include="lib\State\DragAndDropState.h">
      <Filter>Header Files</Filter>
    </ClInclude>
    <ClInclude Include="lib\State\State.h">
      <Filter>Header Files</Filter>
    </ClInclude>
    <ClInclude Include="lib\State\FillColorState.h">
      <Filter>Header Files</Filter>
    </ClInclude>
    <ClInclude Include="lib\Button\FillColorButton\FillColorStateButton.h">
      <Filter>Header Files</Filter>
    </ClInclude>
    <ClInclude Include="lib\Command\FillColorCommand\FillColorStateCommand.h">
      <Filter>Header Files</Filter>
    </ClInclude>
    <ClInclude Include="lib\Button\DragAndDropButton\DragAndDropButton.h">
      <Filter>Header Files</Filter>
    </ClInclude>
    <ClInclude Include="lib\Command\DragAndDropCommand\DragAndDropCommand.h">
      <Filter>Header Files</Filter>
    </ClInclude>
    <ClInclude Include="lib\State\SetOutlineState.h">
      <Filter>Header Files</Filter>
    </ClInclude>
    <ClInclude Include="lib\Command\SetOutlineCommand\SetOutlineStateCommand.h">
      <Filter>Header Files</Filter>
    </ClInclude>
    <ClInclude Include="lib\Button\SetOutlineButton\SetOutlineStateButton.h">
      <Filter>Header Files</Filter>
    </ClInclude>
    <ClInclude Include="lib\ToolbarIncludes.h">
      <Filter>Header Files</Filter>
    </ClInclude>
    <ClInclude Include="lib\History\History.h">
      <Filter>Header Files</Filter>
    </ClInclude>
    <ClInclude Include="lib\History\Memento.h">
      <Filter>Header Files</Filter>
    </ClInclude>
    <ClInclude Include="lib\Button\FillColorButton\FillColorButton.h">
      <Filter>Header Files</Filter>
    </ClInclude>
    <ClInclude Include="lib\Button\SetOutlineButton\SetColor\SetOutlineColorButton.h">
      <Filter>Header Files</Filter>
    </ClInclude>
    <ClInclude Include="lib\Button\SetOutlineButton\SetThickness\SetOutlineThicknessButton.h">
      <Filter>Header Files</Filter>
    </ClInclude>
    <ClInclude Include="lib\Command\FillColorCommand\FillColorCommand.h">
      <Filter>Header Files</Filter>
    </ClInclude>
    <ClInclude Include="lib\Command\SetOutlineCommand\SetOutlineColorCommand.h">
      <Filter>Header Files</Filter>
    </ClInclude>
    <ClInclude Include="lib\Command\SetOutlineCommand\SetOutlineThicknessCommand.h">
      <Filter>Header Files</Filter>
    </ClInclude>
    <ClInclude Include="lib\Visitor\IVisitor.h">
      <Filter>Header Files</Filter>
    </ClInclude>
    <ClInclude Include="lib\Visitor\FillColorVisitor.h">
      <Filter>Header Files</Filter>
    </ClInclude>
    <ClInclude Include="lib\Visitor\SetOutlineVisitor.h">
      <Filter>Header Files</Filter>
    </ClInclude>
    <ClInclude Include="lib\Command\WriteToFileCommand\WriteToFileStrategy\IWriteToFileStrategy.h">
      <Filter>Header Files</Filter>
    </ClInclude>
    <ClInclude Include="lib\Command\WriteToFileCommand\WriteToFileStrategy\WriteToBinFileStrategy.h">
      <Filter>Header Files</Filter>
    </ClInclude>
    <ClInclude Include="lib\Command\WriteToFileCommand\WriteToFileStrategy\WriteToTextFileStrategy.h">
      <Filter>Header Files</Filter>
    </ClInclude>
    <ClInclude Include="lib\Command\WriteToFileCommand\WriteToFileCommand.h">
      <Filter>Header Files</Filter>
    </ClInclude>
    <ClInclude Include="lib\Button\WriteToFileButton\WriteToBInFileButton.h">
      <Filter>Header Files</Filter>
    </ClInclude>
    <ClInclude Include="lib\Button\WriteToFileButton\WriteToTextFileButton.h">
      <Filter>Header Files</Filter>
    </ClInclude>
    <ClInclude Include="lib\ShapeBuilder\ShapeDirector\ShapeDirector.h">
      <Filter>Header Files</Filter>
    </ClInclude>
    <ClInclude Include="lib\ShapeBuilder\CircleBuilder.h">
      <Filter>Header Files</Filter>
    </ClInclude>
    <ClInclude Include="lib\ShapeBuilder\IBuilder.h">
      <Filter>Header Files</Filter>
    </ClInclude>
    <ClInclude Include="lib\ShapeBuilder\Builder.h">
      <Filter>Header Files</Filter>
    </ClInclude>
    <ClInclude Include="lib\ShapeBuilder\RectangleBuilder.h">
      <Filter>Header Files</Filter>
    </ClInclude>
    <ClInclude Include="lib\ShapeBuilder\TriangleBuilder.h">
      <Filter>Header Files</Filter>
    </ClInclude>
    <ClInclude Include="lib\ShapeLoader\ShapeLoader.h">
      <Filter>Header Files</Filter>
    </ClInclude>
    <ClInclude Include="lib\ShapeLoader\TextShapeLoader.h">
      <Filter>Header Files</Filter>
    </ClInclude>
    <ClInclude Include="lib\ShapeLoader\BinShapeLoader.h">
      <Filter>Header Files</Filter>
    </ClInclude>
    <ClInclude Include="lib\Command\LoadShapeCommand\LoadShapeCommand.h">
      <Filter>Header Files</Filter>
    </ClInclude>
    <ClInclude Include="lib\Button\LoudShapeButton\BinLoudShapeButton.h">
      <Filter>Header Files</Filter>
    </ClInclude>
    <ClInclude Include="lib\Button\LoudShapeButton\TextLoadShape.h">
      <Filter>Header Files</Filter>
    </ClInclude>
  </ItemGroup>
  <ItemGroup>
    <None Include="openal32.dll" />
    <None Include="sfml-audio-2.dll" />
    <None Include="sfml-audio-d-2.dll" />
    <None Include="sfml-graphics-2.dll" />
    <None Include="sfml-graphics-d-2.dll" />
    <None Include="sfml-network-2.dll" />
    <None Include="sfml-network-d-2.dll" />
    <None Include="sfml-system-2.dll" />
    <None Include="sfml-system-d-2.dll" />
    <None Include="sfml-window-2.dll" />
    <None Include="sfml-window-d-2.dll" />
  </ItemGroup>
  <ItemGroup>
    <Text Include="input.txt" />
  </ItemGroup>
</Project>